{
  "requires": true,
  "lockfileVersion": 1,
  "dependencies": {
    "postcss-flexbugs-fixes": {
      "version": "5.0.2",
      "resolved": "https://registry.npmjs.org/postcss-flexbugs-fixes/-/postcss-flexbugs-fixes-5.0.2.tgz",
      "integrity": "sha512-18f9voByak7bTktR2QgDveglpn9DTbBWPUzSOe9g0N4WR/2eSt6Vrcbf0hmspvMI6YWGywz6B9f7jzpFNJJgnQ=="
    }
  }
}
